%{"httpotion": {:git, "git://github.com/myfreeweb/httpotion.git", "9091850c335276bde8bf1b42e34dc74ff879bfd8", []},
  "ibrowse": {:git, "git://github.com/cmullaparthi/ibrowse.git", "7871e2ebe8811efb64e1917e2de455fa87e8dfe3", [tag: "v4.1.0"]},
  "jsex": {:git, "git://github.com/talentdeficit/jsex.git", "32fa28ac7eaf0c8a8d7c0068c939f15199ae2f3a", [branch: "develop"]},
  "jsx": {:package, "2.0.2"}}
